
Microsoft Visual Studio Solution File, Format Version 11.00
# Visual Studio 2010
Project("{FAE04EC0-301F-11D3-BF4B-00C04F79EFBC}") = "FeaServer.Engine", "FeaServer.Engine\FeaServer.Engine.csproj", "{3122A91F-396A-4765-8431-654A7FC42796}"
EndProject
Project("{8BC9CEB8-8B4A-11D0-8D11-00A0C91BC942}") = "FeaServer.Engine.AtiStreams", "FeaServer.Engine.AtiStreams\FeaServer.Engine.AtiStreams.vcxproj", "{F02C7FBA-924A-4086-8661-B495A763E947}"
EndProject
Project("{8BC9CEB8-8B4A-11D0-8D11-00A0C91BC942}") = "FeaServer.Engine.Cuda", "FeaServer.Engine.Cuda\FeaServer.Engine.Cuda.vcxproj", "{866B96CE-324A-4B70-B899-0F42E2909BB9}"
EndProject
Project("{8BC9CEB8-8B4A-11D0-8D11-00A0C91BC942}") = "FeaServer.Engine.Cpu", "FeaServer.Engine.Cpu\FeaServer.Engine.Cpu.vcxproj", "{3C575D0C-7027-4330-B107-6011DD4B3116}"
EndProject
Project("{FAE04EC0-301F-11D3-BF4B-00C04F79EFBC}") = "FeaServer.Engine.Managed", "FeaServer.Engine.Managed\FeaServer.Engine.Managed.csproj", "{8E27B21F-99FB-498A-9CEA-D950F3F40279}"
EndProject
Project("{FAE04EC0-301F-11D3-BF4B-00C04F79EFBC}") = "Example", "Example\Example.csproj", "{D3F99D9C-4518-4623-8A98-77D6727606D5}"
EndProject
Project("{8BC9CEB8-8B4A-11D0-8D11-00A0C91BC942}") = "FeaServer.Engine.OpenCL", "FeaServer.Engine.OpenCL\FeaServer.Engine.OpenCL.vcxproj", "{FDDEEBF5-155D-4B06-B517-2AA109F3C18D}"
EndProject
Global
	GlobalSection(SolutionConfigurationPlatforms) = preSolution
		Debug|Any CPU = Debug|Any CPU
		Debug|Mixed Platforms = Debug|Mixed Platforms
		Debug|Win32 = Debug|Win32
		Debug|x64 = Debug|x64
		Debug|x86 = Debug|x86
		Release|Any CPU = Release|Any CPU
		Release|Mixed Platforms = Release|Mixed Platforms
		Release|Win32 = Release|Win32
		Release|x64 = Release|x64
		Release|x86 = Release|x86
	EndGlobalSection
	GlobalSection(ProjectConfigurationPlatforms) = postSolution
		{3122A91F-396A-4765-8431-654A7FC42796}.Debug|Any CPU.ActiveCfg = Debug|Any CPU
		{3122A91F-396A-4765-8431-654A7FC42796}.Debug|Any CPU.Build.0 = Debug|Any CPU
		{3122A91F-396A-4765-8431-654A7FC42796}.Debug|Mixed Platforms.ActiveCfg = Debug|x64
		{3122A91F-396A-4765-8431-654A7FC42796}.Debug|Mixed Platforms.Build.0 = Debug|x64
		{3122A91F-396A-4765-8431-654A7FC42796}.Debug|Win32.ActiveCfg = Debug|x64
		{3122A91F-396A-4765-8431-654A7FC42796}.Debug|x64.ActiveCfg = Debug|x64
		{3122A91F-396A-4765-8431-654A7FC42796}.Debug|x64.Build.0 = Debug|x64
		{3122A91F-396A-4765-8431-654A7FC42796}.Debug|x86.ActiveCfg = Debug|x64
		{3122A91F-396A-4765-8431-654A7FC42796}.Release|Any CPU.ActiveCfg = Release|Any CPU
		{3122A91F-396A-4765-8431-654A7FC42796}.Release|Any CPU.Build.0 = Release|Any CPU
		{3122A91F-396A-4765-8431-654A7FC42796}.Release|Mixed Platforms.ActiveCfg = Release|x64
		{3122A91F-396A-4765-8431-654A7FC42796}.Release|Mixed Platforms.Build.0 = Release|x64
		{3122A91F-396A-4765-8431-654A7FC42796}.Release|Win32.ActiveCfg = Release|x64
		{3122A91F-396A-4765-8431-654A7FC42796}.Release|x64.ActiveCfg = Release|x64
		{3122A91F-396A-4765-8431-654A7FC42796}.Release|x64.Build.0 = Release|x64
		{3122A91F-396A-4765-8431-654A7FC42796}.Release|x86.ActiveCfg = Release|x64
		{F02C7FBA-924A-4086-8661-B495A763E947}.Debug|Any CPU.ActiveCfg = Debug|x64
		{F02C7FBA-924A-4086-8661-B495A763E947}.Debug|Mixed Platforms.ActiveCfg = Debug|x64
		{F02C7FBA-924A-4086-8661-B495A763E947}.Debug|Win32.ActiveCfg = Debug|Win32
		{F02C7FBA-924A-4086-8661-B495A763E947}.Debug|Win32.Build.0 = Debug|Win32
		{F02C7FBA-924A-4086-8661-B495A763E947}.Debug|x64.ActiveCfg = Debug|x64
		{F02C7FBA-924A-4086-8661-B495A763E947}.Debug|x64.Build.0 = Debug|x64
		{F02C7FBA-924A-4086-8661-B495A763E947}.Debug|x86.ActiveCfg = Debug|x64
		{F02C7FBA-924A-4086-8661-B495A763E947}.Release|Any CPU.ActiveCfg = Release|x64
		{F02C7FBA-924A-4086-8661-B495A763E947}.Release|Mixed Platforms.ActiveCfg = Release|Win32
		{F02C7FBA-924A-4086-8661-B495A763E947}.Release|Win32.ActiveCfg = Release|Win32
		{F02C7FBA-924A-4086-8661-B495A763E947}.Release|Win32.Build.0 = Release|Win32
		{F02C7FBA-924A-4086-8661-B495A763E947}.Release|x64.ActiveCfg = Release|x64
		{F02C7FBA-924A-4086-8661-B495A763E947}.Release|x64.Build.0 = Release|x64
		{F02C7FBA-924A-4086-8661-B495A763E947}.Release|x86.ActiveCfg = Release|x64
		{866B96CE-324A-4B70-B899-0F42E2909BB9}.Debug|Any CPU.ActiveCfg = Debug|x64
		{866B96CE-324A-4B70-B899-0F42E2909BB9}.Debug|Any CPU.Build.0 = Debug|x64
		{866B96CE-324A-4B70-B899-0F42E2909BB9}.Debug|Mixed Platforms.ActiveCfg = Debug|x64
		{866B96CE-324A-4B70-B899-0F42E2909BB9}.Debug|Mixed Platforms.Build.0 = Debug|x64
		{866B96CE-324A-4B70-B899-0F42E2909BB9}.Debug|Win32.ActiveCfg = Debug|Win32
		{866B96CE-324A-4B70-B899-0F42E2909BB9}.Debug|Win32.Build.0 = Debug|Win32
		{866B96CE-324A-4B70-B899-0F42E2909BB9}.Debug|x64.ActiveCfg = Debug|x64
		{866B96CE-324A-4B70-B899-0F42E2909BB9}.Debug|x64.Build.0 = Debug|x64
		{866B96CE-324A-4B70-B899-0F42E2909BB9}.Debug|x86.ActiveCfg = Debug|x64
		{866B96CE-324A-4B70-B899-0F42E2909BB9}.Release|Any CPU.ActiveCfg = Release|x64
		{866B96CE-324A-4B70-B899-0F42E2909BB9}.Release|Mixed Platforms.ActiveCfg = Release|x64
		{866B96CE-324A-4B70-B899-0F42E2909BB9}.Release|Mixed Platforms.Build.0 = Release|x64
		{866B96CE-324A-4B70-B899-0F42E2909BB9}.Release|Win32.ActiveCfg = Release|Win32
		{866B96CE-324A-4B70-B899-0F42E2909BB9}.Release|Win32.Build.0 = Release|Win32
		{866B96CE-324A-4B70-B899-0F42E2909BB9}.Release|x64.ActiveCfg = Release|x64
		{866B96CE-324A-4B70-B899-0F42E2909BB9}.Release|x64.Build.0 = Release|x64
		{866B96CE-324A-4B70-B899-0F42E2909BB9}.Release|x86.ActiveCfg = Release|x64
		{3C575D0C-7027-4330-B107-6011DD4B3116}.Debug|Any CPU.ActiveCfg = Debug|x64
		{3C575D0C-7027-4330-B107-6011DD4B3116}.Debug|Mixed Platforms.ActiveCfg = Debug|x64
		{3C575D0C-7027-4330-B107-6011DD4B3116}.Debug|Win32.ActiveCfg = Debug|Win32
		{3C575D0C-7027-4330-B107-6011DD4B3116}.Debug|Win32.Build.0 = Debug|Win32
		{3C575D0C-7027-4330-B107-6011DD4B3116}.Debug|x64.ActiveCfg = Debug|x64
		{3C575D0C-7027-4330-B107-6011DD4B3116}.Debug|x64.Build.0 = Debug|x64
		{3C575D0C-7027-4330-B107-6011DD4B3116}.Debug|x86.ActiveCfg = Debug|x64
		{3C575D0C-7027-4330-B107-6011DD4B3116}.Release|Any CPU.ActiveCfg = Release|x64
		{3C575D0C-7027-4330-B107-6011DD4B3116}.Release|Mixed Platforms.ActiveCfg = Release|x64
		{3C575D0C-7027-4330-B107-6011DD4B3116}.Release|Mixed Platforms.Build.0 = Release|x64
		{3C575D0C-7027-4330-B107-6011DD4B3116}.Release|Win32.ActiveCfg = Release|Win32
		{3C575D0C-7027-4330-B107-6011DD4B3116}.Release|Win32.Build.0 = Release|Win32
		{3C575D0C-7027-4330-B107-6011DD4B3116}.Release|x64.ActiveCfg = Release|x64
		{3C575D0C-7027-4330-B107-6011DD4B3116}.Release|x64.Build.0 = Release|x64
		{3C575D0C-7027-4330-B107-6011DD4B3116}.Release|x86.ActiveCfg = Release|x64
		{8E27B21F-99FB-498A-9CEA-D950F3F40279}.Debug|Any CPU.ActiveCfg = Debug|Any CPU
		{8E27B21F-99FB-498A-9CEA-D950F3F40279}.Debug|Any CPU.Build.0 = Debug|Any CPU
		{8E27B21F-99FB-498A-9CEA-D950F3F40279}.Debug|Mixed Platforms.ActiveCfg = Debug|x64
		{8E27B21F-99FB-498A-9CEA-D950F3F40279}.Debug|Mixed Platforms.Build.0 = Debug|x64
		{8E27B21F-99FB-498A-9CEA-D950F3F40279}.Debug|Win32.ActiveCfg = Debug|Any CPU
		{8E27B21F-99FB-498A-9CEA-D950F3F40279}.Debug|x64.ActiveCfg = Debug|Any CPU
		{8E27B21F-99FB-498A-9CEA-D950F3F40279}.Debug|x86.ActiveCfg = Debug|Any CPU
		{8E27B21F-99FB-498A-9CEA-D950F3F40279}.Release|Any CPU.ActiveCfg = Release|Any CPU
		{8E27B21F-99FB-498A-9CEA-D950F3F40279}.Release|Any CPU.Build.0 = Release|Any CPU
		{8E27B21F-99FB-498A-9CEA-D950F3F40279}.Release|Mixed Platforms.ActiveCfg = Release|Any CPU
		{8E27B21F-99FB-498A-9CEA-D950F3F40279}.Release|Mixed Platforms.Build.0 = Release|Any CPU
		{8E27B21F-99FB-498A-9CEA-D950F3F40279}.Release|Win32.ActiveCfg = Release|Any CPU
		{8E27B21F-99FB-498A-9CEA-D950F3F40279}.Release|x64.ActiveCfg = Release|Any CPU
		{8E27B21F-99FB-498A-9CEA-D950F3F40279}.Release|x86.ActiveCfg = Release|Any CPU
		{D3F99D9C-4518-4623-8A98-77D6727606D5}.Debug|Any CPU.ActiveCfg = Debug|x64
		{D3F99D9C-4518-4623-8A98-77D6727606D5}.Debug|Mixed Platforms.ActiveCfg = Debug|x64
		{D3F99D9C-4518-4623-8A98-77D6727606D5}.Debug|Mixed Platforms.Build.0 = Debug|x64
		{D3F99D9C-4518-4623-8A98-77D6727606D5}.Debug|Win32.ActiveCfg = Debug|x64
		{D3F99D9C-4518-4623-8A98-77D6727606D5}.Debug|x64.ActiveCfg = Debug|x64
		{D3F99D9C-4518-4623-8A98-77D6727606D5}.Debug|x64.Build.0 = Debug|x64
		{D3F99D9C-4518-4623-8A98-77D6727606D5}.Debug|x86.ActiveCfg = Debug|x64
		{D3F99D9C-4518-4623-8A98-77D6727606D5}.Release|Any CPU.ActiveCfg = Release|x64
		{D3F99D9C-4518-4623-8A98-77D6727606D5}.Release|Mixed Platforms.ActiveCfg = Release|x64
		{D3F99D9C-4518-4623-8A98-77D6727606D5}.Release|Mixed Platforms.Build.0 = Release|x64
		{D3F99D9C-4518-4623-8A98-77D6727606D5}.Release|Win32.ActiveCfg = Release|x64
		{D3F99D9C-4518-4623-8A98-77D6727606D5}.Release|x64.ActiveCfg = Release|x64
		{D3F99D9C-4518-4623-8A98-77D6727606D5}.Release|x64.Build.0 = Release|x64
		{D3F99D9C-4518-4623-8A98-77D6727606D5}.Release|x86.ActiveCfg = Release|x64
		{FDDEEBF5-155D-4B06-B517-2AA109F3C18D}.Debug|Any CPU.ActiveCfg = Debug|Win32
		{FDDEEBF5-155D-4B06-B517-2AA109F3C18D}.Debug|Mixed Platforms.ActiveCfg = Debug|x64
		{FDDEEBF5-155D-4B06-B517-2AA109F3C18D}.Debug|Mixed Platforms.Build.0 = Debug|x64
		{FDDEEBF5-155D-4B06-B517-2AA109F3C18D}.Debug|Win32.ActiveCfg = Debug|Win32
		{FDDEEBF5-155D-4B06-B517-2AA109F3C18D}.Debug|Win32.Build.0 = Debug|Win32
		{FDDEEBF5-155D-4B06-B517-2AA109F3C18D}.Debug|x64.ActiveCfg = Debug|Win32
		{FDDEEBF5-155D-4B06-B517-2AA109F3C18D}.Debug|x86.ActiveCfg = Debug|Win32
		{FDDEEBF5-155D-4B06-B517-2AA109F3C18D}.Release|Any CPU.ActiveCfg = Release|Win32
		{FDDEEBF5-155D-4B06-B517-2AA109F3C18D}.Release|Mixed Platforms.ActiveCfg = Release|Win32
		{FDDEEBF5-155D-4B06-B517-2AA109F3C18D}.Release|Mixed Platforms.Build.0 = Release|Win32
		{FDDEEBF5-155D-4B06-B517-2AA109F3C18D}.Release|Win32.ActiveCfg = Release|Win32
		{FDDEEBF5-155D-4B06-B517-2AA109F3C18D}.Release|Win32.Build.0 = Release|Win32
		{FDDEEBF5-155D-4B06-B517-2AA109F3C18D}.Release|x64.ActiveCfg = Release|Win32
		{FDDEEBF5-155D-4B06-B517-2AA109F3C18D}.Release|x86.ActiveCfg = Release|Win32
	EndGlobalSection
	GlobalSection(SolutionProperties) = preSolution
		HideSolutionNode = FALSE
	EndGlobalSection
EndGlobal
