
Microsoft Visual Studio Solution File, Format Version 11.00
# Visual Studio 2010
Project("{FAE04EC0-301F-11D3-BF4B-00C04F79EFBC}") = "Contoso.Core", "Contoso.Core\Contoso.Core.csproj", "{35E5EAD8-2E49-4732-BE87-9FD19955E473}"
EndProject
Project("{FAE04EC0-301F-11D3-BF4B-00C04F79EFBC}") = "Contoso.Data.Btree", "Contoso.Data.Btree\Contoso.Data.Btree.csproj", "{B2BF60DD-EC90-42B0-BD15-00090F33CF31}"
EndProject
Project("{FAE04EC0-301F-11D3-BF4B-00C04F79EFBC}") = "Contoso.Data.Pager", "Contoso.Data.Pager\Contoso.Data.Pager.csproj", "{60A0794B-3ED6-46D5-AF69-54C8FE17A7C6}"
EndProject
Global
	GlobalSection(SolutionConfigurationPlatforms) = preSolution
		Debug|Any CPU = Debug|Any CPU
		Debug|Mixed Platforms = Debug|Mixed Platforms
		Debug|x86 = Debug|x86
		Release|Any CPU = Release|Any CPU
		Release|Mixed Platforms = Release|Mixed Platforms
		Release|x86 = Release|x86
	EndGlobalSection
	GlobalSection(ProjectConfigurationPlatforms) = postSolution
		{35E5EAD8-2E49-4732-BE87-9FD19955E473}.Debug|Any CPU.ActiveCfg = Debug|Any CPU
		{35E5EAD8-2E49-4732-BE87-9FD19955E473}.Debug|Any CPU.Build.0 = Debug|Any CPU
		{35E5EAD8-2E49-4732-BE87-9FD19955E473}.Debug|Mixed Platforms.ActiveCfg = Debug|Any CPU
		{35E5EAD8-2E49-4732-BE87-9FD19955E473}.Debug|Mixed Platforms.Build.0 = Debug|Any CPU
		{35E5EAD8-2E49-4732-BE87-9FD19955E473}.Debug|x86.ActiveCfg = Debug|Any CPU
		{35E5EAD8-2E49-4732-BE87-9FD19955E473}.Release|Any CPU.ActiveCfg = Release|Any CPU
		{35E5EAD8-2E49-4732-BE87-9FD19955E473}.Release|Any CPU.Build.0 = Release|Any CPU
		{35E5EAD8-2E49-4732-BE87-9FD19955E473}.Release|Mixed Platforms.ActiveCfg = Release|Any CPU
		{35E5EAD8-2E49-4732-BE87-9FD19955E473}.Release|Mixed Platforms.Build.0 = Release|Any CPU
		{35E5EAD8-2E49-4732-BE87-9FD19955E473}.Release|x86.ActiveCfg = Release|Any CPU
		{B2BF60DD-EC90-42B0-BD15-00090F33CF31}.Debug|Any CPU.ActiveCfg = Debug|Any CPU
		{B2BF60DD-EC90-42B0-BD15-00090F33CF31}.Debug|Any CPU.Build.0 = Debug|Any CPU
		{B2BF60DD-EC90-42B0-BD15-00090F33CF31}.Debug|Mixed Platforms.ActiveCfg = Debug|Any CPU
		{B2BF60DD-EC90-42B0-BD15-00090F33CF31}.Debug|Mixed Platforms.Build.0 = Debug|Any CPU
		{B2BF60DD-EC90-42B0-BD15-00090F33CF31}.Debug|x86.ActiveCfg = Debug|Any CPU
		{B2BF60DD-EC90-42B0-BD15-00090F33CF31}.Release|Any CPU.ActiveCfg = Release|Any CPU
		{B2BF60DD-EC90-42B0-BD15-00090F33CF31}.Release|Any CPU.Build.0 = Release|Any CPU
		{B2BF60DD-EC90-42B0-BD15-00090F33CF31}.Release|Mixed Platforms.ActiveCfg = Release|Any CPU
		{B2BF60DD-EC90-42B0-BD15-00090F33CF31}.Release|Mixed Platforms.Build.0 = Release|Any CPU
		{B2BF60DD-EC90-42B0-BD15-00090F33CF31}.Release|x86.ActiveCfg = Release|Any CPU
		{60A0794B-3ED6-46D5-AF69-54C8FE17A7C6}.Debug|Any CPU.ActiveCfg = Debug|x86
		{60A0794B-3ED6-46D5-AF69-54C8FE17A7C6}.Debug|Mixed Platforms.ActiveCfg = Debug|x86
		{60A0794B-3ED6-46D5-AF69-54C8FE17A7C6}.Debug|Mixed Platforms.Build.0 = Debug|x86
		{60A0794B-3ED6-46D5-AF69-54C8FE17A7C6}.Debug|x86.ActiveCfg = Debug|x86
		{60A0794B-3ED6-46D5-AF69-54C8FE17A7C6}.Debug|x86.Build.0 = Debug|x86
		{60A0794B-3ED6-46D5-AF69-54C8FE17A7C6}.Release|Any CPU.ActiveCfg = Release|x86
		{60A0794B-3ED6-46D5-AF69-54C8FE17A7C6}.Release|Mixed Platforms.ActiveCfg = Release|x86
		{60A0794B-3ED6-46D5-AF69-54C8FE17A7C6}.Release|Mixed Platforms.Build.0 = Release|x86
		{60A0794B-3ED6-46D5-AF69-54C8FE17A7C6}.Release|x86.ActiveCfg = Release|x86
		{60A0794B-3ED6-46D5-AF69-54C8FE17A7C6}.Release|x86.Build.0 = Release|x86
	EndGlobalSection
	GlobalSection(SolutionProperties) = preSolution
		HideSolutionNode = FALSE
	EndGlobalSection
EndGlobal
