<?xml version="1.0" encoding="utf-8"?>
<Project ToolsVersion="4.0" xmlns="http://schemas.microsoft.com/developer/msbuild/2003">
  <ItemGroup>
    <ClCompile Include="src\OpenCLElementTypeCollection.h" />
    <ClCompile Include="src\OpenCLEngine.cpp" />
    <ClCompile Include="src\Program.cpp" />
    <ClCompile Include="src\ClContext.cpp" />
  </ItemGroup>
  <ItemGroup>
    <ClInclude Include="src\Core.h" />
  </ItemGroup>
  <ItemGroup>
    <None Include="src\Time\SchedulerKernel.cl">
      <Filter>Time</Filter>
    </None>
    <None Include="src\Time\Core.clh">
      <Filter>Time</Filter>
    </None>
  </ItemGroup>
  <ItemGroup>
    <Filter Include="Time">
      <UniqueIdentifier>{d7dfdcd3-0bfa-426d-98c1-f8d565f19239}</UniqueIdentifier>
    </Filter>
    <Filter Include="Time\Scheduler">
      <UniqueIdentifier>{4925ff83-060b-42b2-85a5-e9bcb47f865b}</UniqueIdentifier>
    </Filter>
    <Filter Include="System">
      <UniqueIdentifier>{1dc7c325-0d8b-4823-bd4a-3776623de226}</UniqueIdentifier>
    </Filter>
  </ItemGroup>
</Project>